
Microsoft Visual Studio Solution File, Format Version 12.00
# Visual Studio Version 17
VisualStudioVersion = 17.2.32505.173
MinimumVisualStudioVersion = 10.0.40219.1
Project("{FAE04EC0-301F-11D3-BF4B-00C04F79EFBC}") = "220518 Homework", "220518 Homework.csproj", "{A2797C1E-A06D-4D59-AC88-23B1FD153B94}"
EndProject
Global
	GlobalSection(SolutionConfigurationPlatforms) = preSolution
		Debug|Any CPU = Debug|Any CPU
		Release|Any CPU = Release|Any CPU
	EndGlobalSection
	GlobalSection(ProjectConfigurationPlatforms) = postSolution
		{A2797C1E-A06D-4D59-AC88-23B1FD153B94}.Debug|Any CPU.ActiveCfg = Debug|Any CPU
		{A2797C1E-A06D-4D59-AC88-23B1FD153B94}.Debug|Any CPU.Build.0 = Debug|Any CPU
		{A2797C1E-A06D-4D59-AC88-23B1FD153B94}.Release|Any CPU.ActiveCfg = Release|Any CPU
		{A2797C1E-A06D-4D59-AC88-23B1FD153B94}.Release|Any CPU.Build.0 = Release|Any CPU
	EndGlobalSection
	GlobalSection(SolutionProperties) = preSolution
		HideSolutionNode = FALSE
	EndGlobalSection
	GlobalSection(ExtensibilityGlobals) = postSolution
		SolutionGuid = {3B8BEB55-5A3F-4301-83B6-4EA0FD1FADA7}
	EndGlobalSection
EndGlobal
